Microsoft Visual Studio Solution File, Format Version 12.00
# Visual Studio 2012
Project("{FAE04EC0-301F-11D3-BF4B-00C04F79EFBC}") = "HD2D", "HD2D.csproj", "{11CB9F3D-59F3-45E0-AAD7-CB8CB0F0FDBB}"
EndProject
Global
	GlobalSection(SolutionConfigurationPlatforms) = preSolution
	Debug|Any CPU = Debug|Any CPU
	ExportDebug|Any CPU = ExportDebug|Any CPU
	ExportRelease|Any CPU = ExportRelease|Any CPU
	EndGlobalSection
	GlobalSection(ProjectConfigurationPlatforms) = postSolution
		{11CB9F3D-59F3-45E0-AAD7-CB8CB0F0FDBB}.Debug|Any CPU.ActiveCfg = Debug|Any CPU
		{11CB9F3D-59F3-45E0-AAD7-CB8CB0F0FDBB}.Debug|Any CPU.Build.0 = Debug|Any CPU
		{11CB9F3D-59F3-45E0-AAD7-CB8CB0F0FDBB}.ExportDebug|Any CPU.ActiveCfg = ExportDebug|Any CPU
		{11CB9F3D-59F3-45E0-AAD7-CB8CB0F0FDBB}.ExportDebug|Any CPU.Build.0 = ExportDebug|Any CPU
		{11CB9F3D-59F3-45E0-AAD7-CB8CB0F0FDBB}.ExportRelease|Any CPU.ActiveCfg = ExportRelease|Any CPU
		{11CB9F3D-59F3-45E0-AAD7-CB8CB0F0FDBB}.ExportRelease|Any CPU.Build.0 = ExportRelease|Any CPU
	EndGlobalSection
EndGlobal
